
Microsoft Visual Studio Solution File, Format Version 12.00
# Visual Studio 15
VisualStudioVersion = 15.0.27004.2009
MinimumVisualStudioVersion = 10.0.40219.1
Project("{FAE04EC0-301F-11D3-BF4B-00C04F79EFBC}") = "DarkSoulsIIIRandomWeaponMod", "DarkSoulsIIIRandomWeaponMod\DarkSoulsIIIRandomWeaponMod.csproj", "{0178B3AD-52EF-4506-B801-9A8C0D928BDE}"
EndProject
Global
	GlobalSection(SolutionConfigurationPlatforms) = preSolution
		Debug|Any CPU = Debug|Any CPU
		Debug|x64 = Debug|x64
		Release|Any CPU = Release|Any CPU
		Release|x64 = Release|x64
	EndGlobalSection
	GlobalSection(ProjectConfigurationPlatforms) = postSolution
		{0178B3AD-52EF-4506-B801-9A8C0D928BDE}.Debug|Any CPU.ActiveCfg = Debug|Any CPU
		{0178B3AD-52EF-4506-B801-9A8C0D928BDE}.Debug|Any CPU.Build.0 = Debug|Any CPU
		{0178B3AD-52EF-4506-B801-9A8C0D928BDE}.Debug|x64.ActiveCfg = Debug|x64
		{0178B3AD-52EF-4506-B801-9A8C0D928BDE}.Debug|x64.Build.0 = Debug|x64
		{0178B3AD-52EF-4506-B801-9A8C0D928BDE}.Release|Any CPU.ActiveCfg = Release|Any CPU
		{0178B3AD-52EF-4506-B801-9A8C0D928BDE}.Release|Any CPU.Build.0 = Release|Any CPU
		{0178B3AD-52EF-4506-B801-9A8C0D928BDE}.Release|x64.ActiveCfg = Release|x64
		{0178B3AD-52EF-4506-B801-9A8C0D928BDE}.Release|x64.Build.0 = Release|x64
	EndGlobalSection
	GlobalSection(SolutionProperties) = preSolution
		HideSolutionNode = FALSE
	EndGlobalSection
	GlobalSection(ExtensibilityGlobals) = postSolution
		SolutionGuid = {2B9A645A-2286-4202-8C1D-69D66722B566}
	EndGlobalSection
EndGlobal
